
Microsoft Visual Studio Solution File, Format Version 12.00
# Visual Studio Version 16
VisualStudioVersion = 16.0.31025.194
MinimumVisualStudioVersion = 10.0.40219.1
Project("{FAE04EC0-301F-11D3-BF4B-00C04F79EFBC}") = "SharpSword", "SharpSword\SharpSword.csproj", "{9E357027-8AA6-4376-8146-F5AF610E14BB}"
EndProject
Global
	GlobalSection(SolutionConfigurationPlatforms) = preSolution
		Debug|Any CPU = Debug|Any CPU
		Release|Any CPU = Release|Any CPU
	EndGlobalSection
	GlobalSection(ProjectConfigurationPlatforms) = postSolution
		{9E357027-8AA6-4376-8146-F5AF610E14BB}.Debug|Any CPU.ActiveCfg = Debug|Any CPU
		{9E357027-8AA6-4376-8146-F5AF610E14BB}.Debug|Any CPU.Build.0 = Debug|Any CPU
		{9E357027-8AA6-4376-8146-F5AF610E14BB}.Release|Any CPU.ActiveCfg = Release|Any CPU
		{9E357027-8AA6-4376-8146-F5AF610E14BB}.Release|Any CPU.Build.0 = Release|Any CPU
	EndGlobalSection
	GlobalSection(SolutionProperties) = preSolution
		HideSolutionNode = FALSE
	EndGlobalSection
	GlobalSection(ExtensibilityGlobals) = postSolution
		SolutionGuid = {17A061BF-87D2-41D1-A9A2-DF1186F97326}
	EndGlobalSection
EndGlobal
